// !$*UTF8*$!
{
	archiveVersion = 1;
	classes = {
	};
	objectVersion = 48;
	objects = {

/* Begin PBXBuildFile section */
		D2FD68CA202C5C1A009F1105 /* AppDelegate.swift in Sources */ = {isa = PBXBuildFile; fileRef = D2FD68C9202C5C1A009F1105 /* AppDelegate.swift */; };
		D2FD68CC202C5C1A009F1105 /* ViewController.swift in Sources */ = {isa = PBXBuildFile; fileRef = D2FD68CB202C5C1A009F1105 /* ViewController.swift */; };
		D2FD68CF202C5C1A009F1105 /* Main.storyboard in Resources */ = {isa = PBXBuildFile; fileRef = D2FD68CD202C5C1A009F1105 /* Main.storyboard */; };
		D2FD68D1202C5C1A009F1105 /* Assets.xcassets in Resources */ = {isa = PBXBuildFile; fileRef = D2FD68D0202C5C1A009F1105 /* Assets.xcassets */; };
		D2FD68D4202C5C1A009F1105 /* LaunchScreen.storyboard in Resources */ = {isa = PBXBuildFile; fileRef = D2FD68D2202C5C1A009F1105 /* LaunchScreen.storyboard */; };
		D2FD68DC202C650E009F1105 /* foods.plist in Resources */ = {isa = PBXBuildFile; fileRef = D2FD68DB202C650E009F1105 /* foods.plist */; };
/* End PBXBuildFile section */

/* Begin PBXFileReference section */
		D2FD68C6202C5C1A009F1105 /* Swift_PickView.app */ = {isa = PBXFileReference; explicitFileType = wrapper.application; includeInIndex = 0; path = Swift_PickView.app; sourceTree = BUILT_PRODUCTS_DIR; };
		D2FD68C9202C5C1A009F1105 /* AppDelegate.swift */ = {isa = PBXFileReference; lastKnownFileType = sourcecode.swift; path = AppDelegate.swift; sourceTree = "<group>"; };
		D2FD68CB202C5C1A009F1105 /* ViewController.swift */ = {isa = PBXFileReference; lastKnownFileType = sourcecode.swift; path = ViewController.swift; sourceTree = "<group>"; };
		D2FD68CE202C5C1A009F1105 /* Base */ = {isa = PBXFileReference; lastKnownFileType = file.storyboard; name = Base; path = Base.lproj/Main.storyboard; sourceTree = "<group>"; };
		D2FD68D0202C5C1A009F1105 /* Assets.xcassets */ = {isa = PBXFileReference; lastKnownFileType = folder.assetcatalog; path = Assets.xcassets; sourceTree = "<group>"; };
		D2FD68D3202C5C1A009F1105 /* Base */ = {isa = PBXFileReference; lastKnownFileType = file.storyboard; name = Base; path = Base.lproj/LaunchScreen.storyboard; sourceTree = "<group>"; };
		D2FD68D5202C5C1A009F1105 /* Info.plist */ = {isa = PBXFileReference; lastKnownFileType = text.plist.xml; path = Info.plist; sourceTree = "<group>"; };
		D2FD68DB202C650E009F1105 /* foods.plist */ = {isa = PBXFileReference; fileEncoding = 4; lastKnownFileType = text.plist.xml; path = foods.plist; sourceTree = "<group>"; };
/* End PBXFileReference section */

/* Begin PBXFrameworksBuildPhase section */
		D2FD68C3202C5C1A009F1105 /* Frameworks */ = {
			isa = PBXFrameworksBuildPhase;
			buildActionMask = 2147483647;
			files = (
			);
			runOnlyForDeploymentPostprocessing = 0;
		};
/* End PBXFrameworksBuildPhase section */

/* Begin PBXGroup section */
		D2FD68BD202C5C1A009F1105 = {
			isa = PBXGroup;
			children = (
				D2FD68C8202C5C1A009F1105 /* Swift_PickView */,
				D2FD68C7202C5C1A009F1105 /* Products */,
			);
			sourceTree = "<group>";
		};
		D2FD68C7202C5C1A009F1105 /* Products */ = {
			isa = PBXGroup;
			children = (
				D2FD68C6202C5C1A009F1105 /* Swift_PickView.app */,
			);
			name = Products;
			sourceTree = "<group>";
		};
		D2FD68C8202C5C1A009F1105 /* Swift_PickView */ = {
			isa = PBXGroup;
			children = (
				D2FD68C9202C5C1A009F1105 /* AppDelegate.swift */,
				D2FD68CB202C5C1A009F1105 /* ViewController.swift */,
				D2FD68CD202C5C1A009F1105 /* Main.storyboard */,
				D2FD68D0202C5C1A009F1105 /* Assets.xcassets */,
				D2FD68D2202C5C1A009F1105 /* LaunchScreen.storyboard */,
				D2FD68D5202C5C1A009F1105 /* Info.plist */,
				D2FD68DB202C650E009F1105 /* foods.plist */,
			);
			path = Swift_PickView;
			sourceTree = "<group>";
		};
/* End PBXGroup section */

/* Begin PBXNativeTarget section */
		D2FD68C5202C5C1A009F1105 /* Swift_PickView */ = {
			isa = PBXNativeTarget;
			buildConfigurationList = D2FD68D8202C5C1A009F1105 /* Build configuration list for PBXNativeTarget "Swift_PickView" */;
			buildPhases = (
				D2FD68C2202C5C1A009F1105 /* Sources */,
				D2FD68C3202C5C1A009F1105 /* Frameworks */,
				D2FD68C4202C5C1A009F1105 /* Resources */,
			);
			buildRules = (
			);
			dependencies = (
			);
			name = Swift_PickView;
			productName = Swift_PickView;
			productReference = D2FD68C6202C5C1A009F1105 /* Swift_PickView.app */;
			productType = "com.apple.product-type.application";
		};
/* End PBXNativeTarget section */

/* Begin PBXProject section */
		D2FD68BE202C5C1A009F1105 /* Project object */ = {
			isa = PBXProject;
			attributes = {
				LastSwiftUpdateCheck = 0920;
				LastUpgradeCheck = 0920;
				ORGANIZATIONNAME = "Albert Yuan";
				TargetAttributes = {
					D2FD68C5202C5C1A009F1105 = {
						CreatedOnToolsVersion = 9.2;
						ProvisioningStyle = Automatic;
					};
				};
			};
			buildConfigurationList = D2FD68C1202C5C1A009F1105 /* Build configuration list for PBXProject "Swift_PickView" */;
			compatibilityVersion = "Xcode 8.0";
			developmentRegion = en;
			hasScannedForEncodings = 0;
			knownRegions = (
				en,
				Base,
			);
			mainGroup = D2FD68BD202C5C1A009F1105;
			productRefGroup = D2FD68C7202C5C1A009F1105 /* Products */;
			projectDirPath = "";
			projectRoot = "";
			targets = (
				D2FD68C5202C5C1A009F1105 /* Swift_PickView */,
			);
		};
/* End PBXProject section */

/* Begin PBXResourcesBuildPhase section */
		D2FD68C4202C5C1A009F1105 /* Resources */ = {
			isa = PBXResourcesBuildPhase;
			buildActionMask = 2147483647;
			files = (
				D2FD68DC202C650E009F1105 /* foods.plist in Resources */,
				D2FD68D4202C5C1A009F1105 /* LaunchScreen.storyboard in Resources */,
				D2FD68D1202C5C1A009F1105 /* Assets.xcassets in Resources */,
				D2FD68CF202C5C1A009F1105 /* Main.storyboard in Resources */,
			);
			runOnlyForDeploymentPostprocessing = 0;
		};
/* End PBXResourcesBuildPhase section */

/* Begin PBXSourcesBuildPhase section */
		D2FD68C2202C5C1A009F1105 /* Sources */ = {
			isa = PBXSourcesBuildPhase;
			buildActionMask = 2147483647;
			files = (
				D2FD68CC202C5C1A009F1105 /* ViewController.swift in Sources */,
				D2FD68CA202C5C1A009F1105 /* AppDelegate.swift in Sources */,
			);
			runOnlyForDeploymentPostprocessing = 0;
		};
/* End PBXSourcesBuildPhase section */

/* Begin PBXVariantGroup section */
		D2FD68CD202C5C1A009F1105 /* Main.storyboard */ = {
			isa = PBXVariantGroup;
			children = (
				D2FD68CE202C5C1A009F1105 /* Base */,
			);
			name = Main.storyboard;
			sourceTree = "<group>";
		};
		D2FD68D2202C5C1A009F1105 /* LaunchScreen.storyboard */ = {
			isa = PBXVariantGroup;
			children = (
				D2FD68D3202C5C1A009F1105 /* Base */,
			);
			name = LaunchScreen.storyboard;
			sourceTree = "<group>";
		};
/* End PBXVariantGroup section */

/* Begin XCBuildConfiguration section */
		D2FD68D6202C5C1A009F1105 /* Debug */ = {
			isa = XCBuildConfiguration;
			buildSettings = {
				ALWAYS_SEARCH_USER_PATHS = NO;
				CLANG_ANALYZER_NONNULL = YES;
				CLANG_ANALYZER_NUMBER_OBJECT_CONVERSION = YES_AGGRESSIVE;
				CLANG_CXX_LANGUAGE_STANDARD = "gnu++14";
				CLANG_CXX_LIBRARY = "libc++";
				CLANG_ENABLE_MODULES = YES;
				CLANG_ENABLE_OBJC_ARC = YES;
				CLANG_WARN_BLOCK_CAPTURE_AUTORELEASING = YES;
				CLANG_WARN_BOOL_CONVERSION = YES;
				CLANG_WARN_COMMA = YES;
				CLANG_WARN_CONSTANT_CONVERSION = YES;
				CLANG_WARN_DIRECT_OBJC_ISA_USAGE = YES_ERROR;
				CLANG_WARN_DOCUMENTATION_COMMENTS = YES;
				CLANG_WARN_EMPTY_BODY = YES;
				CLANG_WARN_ENUM_CONVERSION = YES;
				CLANG_WARN_INFINITE_RECURSION = YES;
				CLANG_WARN_INT_CONVERSION = YES;
				CLANG_WARN_NON_LITERAL_NULL_CONVERSION = YES;
				CLANG_WARN_OBJC_LITERAL_CONVERSION = YES;
				CLANG_WARN_OBJC_ROOT_CLASS = YES_ERROR;
				CLANG_WARN_RANGE_LOOP_ANALYSIS = YES;
				CLANG_WARN_STRICT_PROTOTYPES = YES;
				CLANG_WARN_SUSPICIOUS_MOVE = YES;
				CLANG_WARN_UNGUARDED_AVAILABILITY = YES_AGGRESSIVE;
				CLANG_WARN_UNREACHABLE_CODE = YES;
				CLANG_WARN__DUPLICATE_METHOD_MATCH = YES;
				CODE_SIGN_IDENTITY = "iPhone Developer";
				COPY_PHASE_STRIP = NO;
				DEBUG_INFORMATION_FORMAT = dwarf;
				ENABLE_STRICT_OBJC_MSGSEND = YES;
				ENABLE_TESTABILITY = YES;
				GCC_C_LANGUAGE_STANDARD = gnu11;
				GCC_DYNAMIC_NO_PIC = NO;
				GCC_NO_COMMON_BLOCKS = YES;
				GCC_OPTIMIZATION_LEVEL = 0;
				GCC_PREPROCESSOR_DEFINITIONS = (
					"DEBUG=1",
					"$(inherited)",
				);
				GCC_WARN_64_TO_32_BIT_CONVERSION = YES;
				GCC_WARN_ABOUT_RETURN_TYPE = YES_ERROR;
				GCC_WARN_UNDECLARED_SELECTOR = YES;
				GCC_WARN_UNINITIALIZED_AUTOS = YES_AGGRESSIVE;
				GCC_WARN_UNUSED_FUNCTION = YES;
				GCC_WARN_UNUSED_VARIABLE = YES;
				IPHONEOS_DEPLOYMENT_TARGET = 11.2;
				MTL_ENABLE_DEBUG_INFO = YES;
				ONLY_ACTIVE_ARCH = YES;
				SDKROOT = iphoneos;
				SWIFT_ACTIVE_COMPILATION_CONDITIONS = DEBUG;
				SWIFT_OPTIMIZATION_LEVEL = "-Onone";
			};
			name = Debug;
		};
		D2FD68D7202C5C1A009F1105 /* Release */ = {
			isa = XCBuildConfiguration;
			buildSettings = {
				ALWAYS_SEARCH_USER_PATHS = NO;
				CLANG_ANALYZER_NONNULL = YES;
				CLANG_ANALYZER_NUMBER_OBJECT_CONVERSION = YES_AGGRESSIVE;
				CLANG_CXX_LANGUAGE_STANDARD = "gnu++14";
				CLANG_CXX_LIBRARY = "libc++";
				CLANG_ENABLE_MODULES = YES;
				CLANG_ENABLE_OBJC_ARC = YES;
				CLANG_WARN_BLOCK_CAPTURE_AUTORELEASING = YES;
				CLANG_WARN_BOOL_CONVERSION = YES;
				CLANG_WARN_COMMA = YES;
				CLANG_WARN_CONSTANT_CONVERSION = YES;
				CLANG_WARN_DIRECT_OBJC_ISA_USAGE = YES_ERROR;
				CLANG_WARN_DOCUMENTATION_COMMENTS = YES;
				CLANG_WARN_EMPTY_BODY = YES;
				CLANG_WARN_ENUM_CONVERSION = YES;
				CLANG_WARN_INFINITE_RECURSION = YES;
				CLANG_WARN_INT_CONVERSION = YES;
				CLANG_WARN_NON_LITERAL_NULL_CONVERSION = YES;
				CLANG_WARN_OBJC_LITERAL_CONVERSION = YES;
				CLANG_WARN_OBJC_ROOT_CLASS = YES_ERROR;
				CLANG_WARN_RANGE_LOOP_ANALYSIS = YES;
				CLANG_WARN_STRICT_PROTOTYPES = YES;
				CLANG_WARN_SUSPICIOUS_MOVE = YES;
				CLANG_WARN_UNGUARDED_AVAILABILITY = YES_AGGRESSIVE;
				CLANG_WARN_UNREACHABLE_CODE = YES;
				CLANG_WARN__DUPLICATE_METHOD_MATCH = YES;
				CODE_SIGN_IDENTITY = "iPhone Developer";
				COPY_PHASE_STRIP = NO;
				DEBUG_INFORMATION_FORMAT = "dwarf-with-dsym";
				ENABLE_NS_ASSERTIONS = NO;
				ENABLE_STRICT_OBJC_MSGSEND = YES;
				GCC_C_LANGUAGE_STANDARD = gnu11;
				GCC_NO_COMMON_BLOCKS = YES;
				GCC_WARN_64_TO_32_BIT_CONVERSION = YES;
				GCC_WARN_ABOUT_RETURN_TYPE = YES_ERROR;
				GCC_WARN_UNDECLARED_SELECTOR = YES;
				GCC_WARN_UNINITIALIZED_AUTOS = YES_AGGRESSIVE;
				GCC_WARN_UNUSED_FUNCTION = YES;
				GCC_WARN_UNUSED_VARIABLE = YES;
				IPHONEOS_DEPLOYMENT_TARGET = 11.2;
				MTL_ENABLE_DEBUG_INFO = NO;
				SDKROOT = iphoneos;
				SWIFT_OPTIMIZATION_LEVEL = "-Owholemodule";
				VALIDATE_PRODUCT = YES;
			};
			name = Release;
		};
		D2FD68D9202C5C1A009F1105 /* Debug */ = {
			isa = XCBuildConfiguration;
			buildSettings = {
				ASSETCATALOG_COMPILER_APPICON_NAME = AppIcon;
				CODE_SIGN_STYLE = Automatic;
				DEVELOPMENT_TEAM = 2J3NL5JBQF;
				INFOPLIST_FILE = Swift_PickView/Info.plist;
				LD_RUNPATH_SEARCH_PATHS = "$(inherited) @executable_path/Frameworks";
				PRODUCT_BUNDLE_IDENTIFIER = "Albert-Yuan.Swift-PickView";
				PRODUCT_NAME = "$(TARGET_NAME)";
				SWIFT_VERSION = 4.0;
				TARGETED_DEVICE_FAMILY = "1,2";
			};
			name = Debug;
		};
		D2FD68DA202C5C1A009F1105 /* Release */ = {
			isa = XCBuildConfiguration;
			buildSettings = {
				ASSETCATALOG_COMPILER_APPICON_NAME = AppIcon;
				CODE_SIGN_STYLE = Automatic;
				DEVELOPMENT_TEAM = 2J3NL5JBQF;
				INFOPLIST_FILE = Swift_PickView/Info.plist;
				LD_RUNPATH_SEARCH_PATHS = "$(inherited) @executable_path/Frameworks";
				PRODUCT_BUNDLE_IDENTIFIER = "Albert-Yuan.Swift-PickView";
				PRODUCT_NAME = "$(TARGET_NAME)";
				SWIFT_VERSION = 4.0;
				TARGETED_DEVICE_FAMILY = "1,2";
			};
			name = Release;
		};
/* End XCBuildConfiguration section */

/* Begin XCConfigurationList section */
		D2FD68C1202C5C1A009F1105 /* Build configuration list for PBXProject "Swift_PickView" */ = {
			isa = XCConfigurationList;
			buildConfigurations = (
				D2FD68D6202C5C1A009F1105 /* Debug */,
				D2FD68D7202C5C1A009F1105 /* Release */,
			);
			defaultConfigurationIsVisible = 0;
			defaultConfigurationName = Release;
		};
		D2FD68D8202C5C1A009F1105 /* Build configuration list for PBXNativeTarget "Swift_PickView" */ = {
			isa = XCConfigurationList;
			buildConfigurations = (
				D2FD68D9202C5C1A009F1105 /* Debug */,
				D2FD68DA202C5C1A009F1105 /* Release */,
			);
			defaultConfigurationIsVisible = 0;
			defaultConfigurationName = Release;
		};
/* End XCConfigurationList section */
	};
	rootObject = D2FD68BE202C5C1A009F1105 /* Project object */;
}
